
Microsoft Visual Studio Solution File, Format Version 12.00
# Visual Studio Version 16
VisualStudioVersion = 16.0.30406.217
MinimumVisualStudioVersion = 10.0.40219.1
Project("{FAE04EC0-301F-11D3-BF4B-00C04F79EFBC}") = "BurnSoft.Testing.Web.Selenium", "BurnSoft.Testing.Web.Selenium\BurnSoft.Testing.Web.Selenium.csproj", "{302F1C35-0BFA-4B62-9B8D-E269ED101DF4}"
EndProject
Global
	GlobalSection(SolutionConfigurationPlatforms) = preSolution
		Debug|Any CPU = Debug|Any CPU
		Release|Any CPU = Release|Any CPU
	EndGlobalSection
	GlobalSection(ProjectConfigurationPlatforms) = postSolution
		{302F1C35-0BFA-4B62-9B8D-E269ED101DF4}.Debug|Any CPU.ActiveCfg = Debug|Any CPU
		{302F1C35-0BFA-4B62-9B8D-E269ED101DF4}.Debug|Any CPU.Build.0 = Debug|Any CPU
		{302F1C35-0BFA-4B62-9B8D-E269ED101DF4}.Release|Any CPU.ActiveCfg = Release|Any CPU
		{302F1C35-0BFA-4B62-9B8D-E269ED101DF4}.Release|Any CPU.Build.0 = Release|Any CPU
	EndGlobalSection
	GlobalSection(SolutionProperties) = preSolution
		HideSolutionNode = FALSE
	EndGlobalSection
	GlobalSection(ExtensibilityGlobals) = postSolution
		SolutionGuid = {043DBE6A-EC3B-4E1A-B18F-BB8B8CAF671C}
	EndGlobalSection
EndGlobal
