
Microsoft Visual Studio Solution File, Format Version 12.00
# Visual Studio Version 16
VisualStudioVersion = 16.0.30406.217
MinimumVisualStudioVersion = 10.0.40219.1
Project("{FAE04EC0-301F-11D3-BF4B-00C04F79EFBC}") = "BurnSoft.Testing.Web.Selenium", "BurnSoft.Testing.Web.Selenium\BurnSoft.Testing.Web.Selenium.csproj", "{302F1C35-0BFA-4B62-9B8D-E269ED101DF4}"
	ProjectSection(ProjectDependencies) = postProject
		{A7DCB178-25D2-45B8-AC79-2AE0C035CD7E} = {A7DCB178-25D2-45B8-AC79-2AE0C035CD7E}
		{F82611A3-ACC7-4AD4-BD4A-D75B5B5E0B0E} = {F82611A3-ACC7-4AD4-BD4A-D75B5B5E0B0E}
	EndProjectSection
EndProject
Project("{FAE04EC0-301F-11D3-BF4B-00C04F79EFBC}") = "BurnSoft.Testing.Web.Selenium.UnitTest", "BurnSoft.Testing.Web.Selenium.UnitTest\BurnSoft.Testing.Web.Selenium.UnitTest.csproj", "{9995E183-2FAC-4001-BE76-37D98F3142E3}"
EndProject
Project("{9A19103F-16F7-4668-BE54-9A1E7A4F7556}") = "BurnSoft.Testing.Web.Selenium.Ns", "BurnSoft.Testing.Web.Selenium.Ns\BurnSoft.Testing.Web.Selenium.Ns.csproj", "{A7DCB178-25D2-45B8-AC79-2AE0C035CD7E}"
EndProject
Project("{2150E333-8FDC-42A3-9474-1A3956D46DE8}") = "DotNet5", "DotNet5", "{A29D702F-B167-4B68-AEC9-259630AA796F}"
EndProject
Project("{2150E333-8FDC-42A3-9474-1A3956D46DE8}") = "OtherFramwroks", "OtherFramwroks", "{3DFD8BED-5464-4114-86E2-012998D402B5}"
EndProject
Project("{FAE04EC0-301F-11D3-BF4B-00C04F79EFBC}") = "BurnSoft.Testing.Web.Selenium.nf48", "BurnSoft.Testing.Web.Selenium.nf48\BurnSoft.Testing.Web.Selenium.nf48.csproj", "{F82611A3-ACC7-4AD4-BD4A-D75B5B5E0B0E}"
EndProject
Global
	GlobalSection(SolutionConfigurationPlatforms) = preSolution
		Debug|Any CPU = Debug|Any CPU
		Release|Any CPU = Release|Any CPU
	EndGlobalSection
	GlobalSection(ProjectConfigurationPlatforms) = postSolution
		{302F1C35-0BFA-4B62-9B8D-E269ED101DF4}.Debug|Any CPU.ActiveCfg = Debug|Any CPU
		{302F1C35-0BFA-4B62-9B8D-E269ED101DF4}.Debug|Any CPU.Build.0 = Debug|Any CPU
		{302F1C35-0BFA-4B62-9B8D-E269ED101DF4}.Release|Any CPU.ActiveCfg = Release|Any CPU
		{302F1C35-0BFA-4B62-9B8D-E269ED101DF4}.Release|Any CPU.Build.0 = Release|Any CPU
		{9995E183-2FAC-4001-BE76-37D98F3142E3}.Debug|Any CPU.ActiveCfg = Debug|Any CPU
		{9995E183-2FAC-4001-BE76-37D98F3142E3}.Debug|Any CPU.Build.0 = Debug|Any CPU
		{9995E183-2FAC-4001-BE76-37D98F3142E3}.Release|Any CPU.ActiveCfg = Release|Any CPU
		{9995E183-2FAC-4001-BE76-37D98F3142E3}.Release|Any CPU.Build.0 = Release|Any CPU
		{A7DCB178-25D2-45B8-AC79-2AE0C035CD7E}.Debug|Any CPU.ActiveCfg = Debug|Any CPU
		{A7DCB178-25D2-45B8-AC79-2AE0C035CD7E}.Debug|Any CPU.Build.0 = Debug|Any CPU
		{A7DCB178-25D2-45B8-AC79-2AE0C035CD7E}.Release|Any CPU.ActiveCfg = Release|Any CPU
		{A7DCB178-25D2-45B8-AC79-2AE0C035CD7E}.Release|Any CPU.Build.0 = Release|Any CPU
		{F82611A3-ACC7-4AD4-BD4A-D75B5B5E0B0E}.Debug|Any CPU.ActiveCfg = Debug|Any CPU
		{F82611A3-ACC7-4AD4-BD4A-D75B5B5E0B0E}.Debug|Any CPU.Build.0 = Debug|Any CPU
		{F82611A3-ACC7-4AD4-BD4A-D75B5B5E0B0E}.Release|Any CPU.ActiveCfg = Release|Any CPU
		{F82611A3-ACC7-4AD4-BD4A-D75B5B5E0B0E}.Release|Any CPU.Build.0 = Release|Any CPU
	EndGlobalSection
	GlobalSection(SolutionProperties) = preSolution
		HideSolutionNode = FALSE
	EndGlobalSection
	GlobalSection(NestedProjects) = preSolution
		{A7DCB178-25D2-45B8-AC79-2AE0C035CD7E} = {A29D702F-B167-4B68-AEC9-259630AA796F}
		{A29D702F-B167-4B68-AEC9-259630AA796F} = {3DFD8BED-5464-4114-86E2-012998D402B5}
		{F82611A3-ACC7-4AD4-BD4A-D75B5B5E0B0E} = {3DFD8BED-5464-4114-86E2-012998D402B5}
	EndGlobalSection
	GlobalSection(ExtensibilityGlobals) = postSolution
		SolutionGuid = {043DBE6A-EC3B-4E1A-B18F-BB8B8CAF671C}
	EndGlobalSection
EndGlobal
